Microsoft Visual Studio Solution File, Format Version 12.00
# Visual Studio Version 17
VisualStudioVersion = 17.5.2.0
MinimumVisualStudioVersion = 10.0.40219.1
Project("{FAE04EC0-301F-11D3-BF4B-00C04F79EFBC}") = "ypdubaisBetterReplays", "ypdubaisBetterReplays.csproj", "{6A70650C-DFDB-5111-1373-C2AF106E18CC}"
EndProject
Global
	GlobalSection(SolutionConfigurationPlatforms) = preSolution
		Debug|Any CPU = Debug|Any CPU
		Release|Any CPU = Release|Any CPU
	EndGlobalSection
	GlobalSection(ProjectConfigurationPlatforms) = postSolution
		{6A70650C-DFDB-5111-1373-C2AF106E18CC}.Debug|Any CPU.ActiveCfg = Debug|Any CPU
		{6A70650C-DFDB-5111-1373-C2AF106E18CC}.Debug|Any CPU.Build.0 = Debug|Any CPU
		{6A70650C-DFDB-5111-1373-C2AF106E18CC}.Release|Any CPU.ActiveCfg = Release|Any CPU
		{6A70650C-DFDB-5111-1373-C2AF106E18CC}.Release|Any CPU.Build.0 = Release|Any CPU
	EndGlobalSection
	GlobalSection(SolutionProperties) = preSolution
		HideSolutionNode = FALSE
	EndGlobalSection
	GlobalSection(ExtensibilityGlobals) = postSolution
		SolutionGuid = {6F0CAE55-937A-4FDA-AE14-0F26387AC883}
	EndGlobalSection
EndGlobal
